
Microsoft Visual Studio Solution File, Format Version 12.00
# Visual Studio Version 16
VisualStudioVersion = 16.0.29009.5
MinimumVisualStudioVersion = 10.0.40219.1
Project("{FAE04EC0-301F-11D3-BF4B-00C04F79EFBC}") = "WpfApp1", "WpfApp1\WpfApp1.csproj", "{E938B6A3-F065-4D21-A9AA-BC519394BA8B}"
EndProject
Global
	GlobalSection(SolutionConfigurationPlatforms) = preSolution
		Debug|Any CPU = Debug|Any CPU
		Release|Any CPU = Release|Any CPU
	EndGlobalSection
	GlobalSection(ProjectConfigurationPlatforms) = postSolution
		{E938B6A3-F065-4D21-A9AA-BC519394BA8B}.Debug|Any CPU.ActiveCfg = Debug|Any CPU
		{E938B6A3-F065-4D21-A9AA-BC519394BA8B}.Debug|Any CPU.Build.0 = Debug|Any CPU
		{E938B6A3-F065-4D21-A9AA-BC519394BA8B}.Release|Any CPU.ActiveCfg = Release|Any CPU
		{E938B6A3-F065-4D21-A9AA-BC519394BA8B}.Release|Any CPU.Build.0 = Release|Any CPU
	EndGlobalSection
	GlobalSection(SolutionProperties) = preSolution
		HideSolutionNode = FALSE
	EndGlobalSection
	GlobalSection(ExtensibilityGlobals) = postSolution
		SolutionGuid = {ACDE0474-B318-4A0A-82FF-CE853877D1EB}
	EndGlobalSection
EndGlobal
